
Microsoft Visual Studio Solution File, Format Version 12.00
# Visual Studio Version 17
VisualStudioVersion = 17.0.31919.166
MinimumVisualStudioVersion = 10.0.40219.1
Project("{FAE04EC0-301F-11D3-BF4B-00C04F79EFBC}") = "KrbRelay", "KrbRelay\KrbRelay.csproj", "{3B47EEBC-0D33-4E0B-BAB5-782D2D3680AF}"
EndProject
Project("{FAE04EC0-301F-11D3-BF4B-00C04F79EFBC}") = "CheckPort", "CheckPort\CheckPort.csproj", "{ED839154-90D8-49DB-8CDD-972D1A6B2CFD}"
EndProject
Global
	GlobalSection(SolutionConfigurationPlatforms) = preSolution
		Debug|Any CPU = Debug|Any CPU
		Release|Any CPU = Release|Any CPU
	EndGlobalSection
	GlobalSection(ProjectConfigurationPlatforms) = postSolution
		{3B47EEBC-0D33-4E0B-BAB5-782D2D3680AF}.Debug|Any CPU.ActiveCfg = Debug|Any CPU
		{3B47EEBC-0D33-4E0B-BAB5-782D2D3680AF}.Debug|Any CPU.Build.0 = Debug|Any CPU
		{3B47EEBC-0D33-4E0B-BAB5-782D2D3680AF}.Release|Any CPU.ActiveCfg = Release|Any CPU
		{3B47EEBC-0D33-4E0B-BAB5-782D2D3680AF}.Release|Any CPU.Build.0 = Release|Any CPU
		{ED839154-90D8-49DB-8CDD-972D1A6B2CFD}.Debug|Any CPU.ActiveCfg = Debug|Any CPU
		{ED839154-90D8-49DB-8CDD-972D1A6B2CFD}.Debug|Any CPU.Build.0 = Debug|Any CPU
		{ED839154-90D8-49DB-8CDD-972D1A6B2CFD}.Release|Any CPU.ActiveCfg = Release|Any CPU
		{ED839154-90D8-49DB-8CDD-972D1A6B2CFD}.Release|Any CPU.Build.0 = Release|Any CPU
	EndGlobalSection
	GlobalSection(SolutionProperties) = preSolution
		HideSolutionNode = FALSE
	EndGlobalSection
	GlobalSection(ExtensibilityGlobals) = postSolution
		SolutionGuid = {99CF1C95-F959-441C-816D-E55CA1DA1062}
	EndGlobalSection
EndGlobal
